<Solution>
  <Configurations>
    <Platform Name="ARM64" />
    <Platform Name="x64" />
    <Platform Name="x86" />
  </Configurations>
  <Project Path="Uviewer/Uviewer.csproj">
    <Platform Solution="*|ARM64" Project="ARM64" />
    <Platform Solution="*|x64" Project="x64" />
    <Platform Solution="*|x86" Project="x86" />
    <Build Solution="*|ARM64" Project="false" />
    <Build Solution="*|x86" Project="false" />
    <Deploy Solution="*|x64" />
  </Project>
</Solution>
